
Microsoft Visual Studio Solution File, Format Version 12.00
# Visual Studio Version 16
VisualStudioVersion = 16.0.30427.197
MinimumVisualStudioVersion = 10.0.40219.1
Project("{9A19103F-16F7-4668-BE54-9A1E7A4F7556}") = "APIGateway", "APIGateway\APIGateway.csproj", "{A3B474DD-933F-4499-B1B6-200A831F915A}"
EndProject
Project("{2150E333-8FDC-42A3-9474-1A3956D46DE8}") = "Shared", "Shared", "{F0C35D15-FAAC-4796-A24B-BB13167F95D4}"
EndProject
Project("{9A19103F-16F7-4668-BE54-9A1E7A4F7556}") = "ServicesCatlog", "ServicesCatlog\ServicesCatlog.csproj", "{6B6D47E4-3107-41B1-9A34-143FD7D391DE}"
EndProject
Project("{2150E333-8FDC-42A3-9474-1A3956D46DE8}") = "Services", "Services", "{7FEA2219-6B9B-44A6-8A01-6DC3CDC99CDD}"
EndProject
Project("{E53339B2-1760-4266-BCC7-CA923CBCF16C}") = "docker-compose", "docker-compose.dcproj", "{024838F2-FBE4-4C4D-A343-FDDFF3195029}"
EndProject
Project("{2150E333-8FDC-42A3-9474-1A3956D46DE8}") = "API Gateway", "API Gateway", "{E856F7E1-770C-487E-ADA5-FADF6757ACAA}"
EndProject
Project("{9A19103F-16F7-4668-BE54-9A1E7A4F7556}") = "ServiceRequest", "ServiceRequest\ServiceRequest.csproj", "{B43366CF-F563-46E7-9886-EFB98FC26329}"
EndProject
Project("{2150E333-8FDC-42A3-9474-1A3956D46DE8}") = "1.Catlog Services", "1.Catlog Services", "{1427BD65-0AC2-4B25-A585-FCD5C45D7A9C}"
EndProject
Project("{2150E333-8FDC-42A3-9474-1A3956D46DE8}") = "2.Order Services", "2.Order Services", "{1CC0E900-CAFA-46B5-8422-3B137C466AD9}"
EndProject
Project("{9A19103F-16F7-4668-BE54-9A1E7A4F7556}") = "AdminServices", "AdminServices\AdminServices.csproj", "{1674B268-8F10-4C63-A5E1-169462CF850E}"
EndProject
Project("{2150E333-8FDC-42A3-9474-1A3956D46DE8}") = "3.Admin Services", "3.Admin Services", "{2F048A48-576C-4E2A-B91C-A4316BE6CABE}"
EndProject
Project("{9A19103F-16F7-4668-BE54-9A1E7A4F7556}") = "ServiceProvider", "ServiceProvider\ServiceProvider.csproj", "{4F0E8A48-6DA4-4E24-8677-105562F684FA}"
EndProject
Project("{2150E333-8FDC-42A3-9474-1A3956D46DE8}") = "4.Provider Services", "4.Provider Services", "{1AE81C67-13F4-4B0E-9D9E-8B8677E9B41F}"
EndProject
Project("{9A19103F-16F7-4668-BE54-9A1E7A4F7556}") = "NotificationServices", "NotificationServices\NotificationServices.csproj", "{1BDEBE5C-B4B0-4795-8AF1-3E721607EEB5}"
EndProject
Project("{2150E333-8FDC-42A3-9474-1A3956D46DE8}") = "5.Notifiaction Services", "5.Notifiaction Services", "{F718C428-0694-43ED-BD8B-91F4D0906409}"
EndProject
Project("{9A19103F-16F7-4668-BE54-9A1E7A4F7556}") = "Shared", "Shared\Shared.csproj", "{28F8E009-8612-4C8A-97F8-CEF6AA3D69F8}"
EndProject
Global
	GlobalSection(SolutionConfigurationPlatforms) = preSolution
		Debug|Any CPU = Debug|Any CPU
		Release|Any CPU = Release|Any CPU
	EndGlobalSection
	GlobalSection(ProjectConfigurationPlatforms) = postSolution
		{A3B474DD-933F-4499-B1B6-200A831F915A}.Debug|Any CPU.ActiveCfg = Debug|Any CPU
		{A3B474DD-933F-4499-B1B6-200A831F915A}.Debug|Any CPU.Build.0 = Debug|Any CPU
		{A3B474DD-933F-4499-B1B6-200A831F915A}.Release|Any CPU.ActiveCfg = Release|Any CPU
		{A3B474DD-933F-4499-B1B6-200A831F915A}.Release|Any CPU.Build.0 = Release|Any CPU
		{6B6D47E4-3107-41B1-9A34-143FD7D391DE}.Debug|Any CPU.ActiveCfg = Debug|Any CPU
		{6B6D47E4-3107-41B1-9A34-143FD7D391DE}.Debug|Any CPU.Build.0 = Debug|Any CPU
		{6B6D47E4-3107-41B1-9A34-143FD7D391DE}.Release|Any CPU.ActiveCfg = Release|Any CPU
		{6B6D47E4-3107-41B1-9A34-143FD7D391DE}.Release|Any CPU.Build.0 = Release|Any CPU
		{024838F2-FBE4-4C4D-A343-FDDFF3195029}.Debug|Any CPU.ActiveCfg = Debug|Any CPU
		{024838F2-FBE4-4C4D-A343-FDDFF3195029}.Debug|Any CPU.Build.0 = Debug|Any CPU
		{024838F2-FBE4-4C4D-A343-FDDFF3195029}.Release|Any CPU.ActiveCfg = Release|Any CPU
		{024838F2-FBE4-4C4D-A343-FDDFF3195029}.Release|Any CPU.Build.0 = Release|Any CPU
		{B43366CF-F563-46E7-9886-EFB98FC26329}.Debug|Any CPU.ActiveCfg = Debug|Any CPU
		{B43366CF-F563-46E7-9886-EFB98FC26329}.Debug|Any CPU.Build.0 = Debug|Any CPU
		{B43366CF-F563-46E7-9886-EFB98FC26329}.Release|Any CPU.ActiveCfg = Release|Any CPU
		{B43366CF-F563-46E7-9886-EFB98FC26329}.Release|Any CPU.Build.0 = Release|Any CPU
		{1674B268-8F10-4C63-A5E1-169462CF850E}.Debug|Any CPU.ActiveCfg = Debug|Any CPU
		{1674B268-8F10-4C63-A5E1-169462CF850E}.Debug|Any CPU.Build.0 = Debug|Any CPU
		{1674B268-8F10-4C63-A5E1-169462CF850E}.Release|Any CPU.ActiveCfg = Release|Any CPU
		{1674B268-8F10-4C63-A5E1-169462CF850E}.Release|Any CPU.Build.0 = Release|Any CPU
		{4F0E8A48-6DA4-4E24-8677-105562F684FA}.Debug|Any CPU.ActiveCfg = Debug|Any CPU
		{4F0E8A48-6DA4-4E24-8677-105562F684FA}.Debug|Any CPU.Build.0 = Debug|Any CPU
		{4F0E8A48-6DA4-4E24-8677-105562F684FA}.Release|Any CPU.ActiveCfg = Release|Any CPU
		{4F0E8A48-6DA4-4E24-8677-105562F684FA}.Release|Any CPU.Build.0 = Release|Any CPU
		{1BDEBE5C-B4B0-4795-8AF1-3E721607EEB5}.Debug|Any CPU.ActiveCfg = Debug|Any CPU
		{1BDEBE5C-B4B0-4795-8AF1-3E721607EEB5}.Debug|Any CPU.Build.0 = Debug|Any CPU
		{1BDEBE5C-B4B0-4795-8AF1-3E721607EEB5}.Release|Any CPU.ActiveCfg = Release|Any CPU
		{1BDEBE5C-B4B0-4795-8AF1-3E721607EEB5}.Release|Any CPU.Build.0 = Release|Any CPU
		{28F8E009-8612-4C8A-97F8-CEF6AA3D69F8}.Debug|Any CPU.ActiveCfg = Debug|Any CPU
		{28F8E009-8612-4C8A-97F8-CEF6AA3D69F8}.Debug|Any CPU.Build.0 = Debug|Any CPU
		{28F8E009-8612-4C8A-97F8-CEF6AA3D69F8}.Release|Any CPU.ActiveCfg = Release|Any CPU
		{28F8E009-8612-4C8A-97F8-CEF6AA3D69F8}.Release|Any CPU.Build.0 = Release|Any CPU
	EndGlobalSection
	GlobalSection(SolutionProperties) = preSolution
		HideSolutionNode = FALSE
	EndGlobalSection
	GlobalSection(NestedProjects) = preSolution
		{A3B474DD-933F-4499-B1B6-200A831F915A} = {E856F7E1-770C-487E-ADA5-FADF6757ACAA}
		{6B6D47E4-3107-41B1-9A34-143FD7D391DE} = {1427BD65-0AC2-4B25-A585-FCD5C45D7A9C}
		{B43366CF-F563-46E7-9886-EFB98FC26329} = {1CC0E900-CAFA-46B5-8422-3B137C466AD9}
		{1427BD65-0AC2-4B25-A585-FCD5C45D7A9C} = {7FEA2219-6B9B-44A6-8A01-6DC3CDC99CDD}
		{1CC0E900-CAFA-46B5-8422-3B137C466AD9} = {7FEA2219-6B9B-44A6-8A01-6DC3CDC99CDD}
		{1674B268-8F10-4C63-A5E1-169462CF850E} = {2F048A48-576C-4E2A-B91C-A4316BE6CABE}
		{2F048A48-576C-4E2A-B91C-A4316BE6CABE} = {7FEA2219-6B9B-44A6-8A01-6DC3CDC99CDD}
		{4F0E8A48-6DA4-4E24-8677-105562F684FA} = {1AE81C67-13F4-4B0E-9D9E-8B8677E9B41F}
		{1AE81C67-13F4-4B0E-9D9E-8B8677E9B41F} = {7FEA2219-6B9B-44A6-8A01-6DC3CDC99CDD}
		{1BDEBE5C-B4B0-4795-8AF1-3E721607EEB5} = {F718C428-0694-43ED-BD8B-91F4D0906409}
		{F718C428-0694-43ED-BD8B-91F4D0906409} = {7FEA2219-6B9B-44A6-8A01-6DC3CDC99CDD}
		{28F8E009-8612-4C8A-97F8-CEF6AA3D69F8} = {F0C35D15-FAAC-4796-A24B-BB13167F95D4}
	EndGlobalSection
	GlobalSection(ExtensibilityGlobals) = postSolution
		SolutionGuid = {4F47019E-72F7-44EC-AAF4-0C73D1DBEB25}
	EndGlobalSection
EndGlobal
